// !$*UTF8*$!
{
	archiveVersion = 1;
	classes = {
	};
	objectVersion = 56;
	objects = {

/* Begin PBXBuildFile section */
		B7F6553E2C8E309500691B96 /* AppDelegate.swift in Sources */ = {isa = PBXBuildFile; fileRef = B7F6553D2C8E309500691B96 /* AppDelegate.swift */; };
		B7F655402C8E309500691B96 /* SceneDelegate.swift in Sources */ = {isa = PBXBuildFile; fileRef = B7F6553F2C8E309500691B96 /* SceneDelegate.swift */; };
		B7F655422C8E309500691B96 /* ViewController.swift in Sources */ = {isa = PBXBuildFile; fileRef = B7F655412C8E309500691B96 /* ViewController.swift */; };
		B7F655452C8E309500691B96 /* Base in Resources */ = {isa = PBXBuildFile; fileRef = B7F655442C8E309500691B96 /* Base */; };
		B7F655472C8E309700691B96 /* Assets.xcassets in Resources */ = {isa = PBXBuildFile; fileRef = B7F655462C8E309700691B96 /* Assets.xcassets */; };
		B7F6554A2C8E309700691B96 /* Base in Resources */ = {isa = PBXBuildFile; fileRef = B7F655492C8E309700691B96 /* Base */; };
		B7F655552C8E309700691B96 /* ShopCalcTests.swift in Sources */ = {isa = PBXBuildFile; fileRef = B7F655542C8E309700691B96 /* ShopCalcTests.swift */; };
		B7F6555F2C8E309700691B96 /* ShopCalcUITests.swift in Sources */ = {isa = PBXBuildFile; fileRef = B7F6555E2C8E309700691B96 /* ShopCalcUITests.swift */; };
		B7F655612C8E309700691B96 /* ShopCalcUITestsLaunchTests.swift in Sources */ = {isa = PBXBuildFile; fileRef = B7F655602C8E309700691B96 /* ShopCalcUITestsLaunchTests.swift */; };
/* End PBXBuildFile section */

/* Begin PBXContainerItemProxy section */
		B7F655512C8E309700691B96 /* PBXContainerItemProxy */ = {
			isa = PBXContainerItemProxy;
			containerPortal = B7F655322C8E309500691B96 /* Project object */;
			proxyType = 1;
			remoteGlobalIDString = B7F655392C8E309500691B96;
			remoteInfo = ShopCalc;
		};
		B7F6555B2C8E309700691B96 /* PBXContainerItemProxy */ = {
			isa = PBXContainerItemProxy;
			containerPortal = B7F655322C8E309500691B96 /* Project object */;
			proxyType = 1;
			remoteGlobalIDString = B7F655392C8E309500691B96;
			remoteInfo = ShopCalc;
		};
/* End PBXContainerItemProxy section */

/* Begin PBXFileReference section */
		B7F6553A2C8E309500691B96 /* ShopCalc.app */ = {isa = PBXFileReference; explicitFileType = wrapper.application; includeInIndex = 0; path = ShopCalc.app; sourceTree = BUILT_PRODUCTS_DIR; };
		B7F6553D2C8E309500691B96 /* AppDelegate.swift */ = {isa = PBXFileReference; lastKnownFileType = sourcecode.swift; path = AppDelegate.swift; sourceTree = "<group>"; };
		B7F6553F2C8E309500691B96 /* SceneDelegate.swift */ = {isa = PBXFileReference; lastKnownFileType = sourcecode.swift; path = SceneDelegate.swift; sourceTree = "<group>"; };
		B7F655412C8E309500691B96 /* ViewController.swift */ = {isa = PBXFileReference; lastKnownFileType = sourcecode.swift; path = ViewController.swift; sourceTree = "<group>"; };
		B7F655442C8E309500691B96 /* Base */ = {isa = PBXFileReference; lastKnownFileType = file.storyboard; name = Base; path = Base.lproj/Main.storyboard; sourceTree = "<group>"; };
		B7F655462C8E309700691B96 /* Assets.xcassets */ = {isa = PBXFileReference; lastKnownFileType = folder.assetcatalog; path = Assets.xcassets; sourceTree = "<group>"; };
		B7F655492C8E309700691B96 /* Base */ = {isa = PBXFileReference; lastKnownFileType = file.storyboard; name = Base; path = Base.lproj/LaunchScreen.storyboard; sourceTree = "<group>"; };
		B7F6554B2C8E309700691B96 /* Info.plist */ = {isa = PBXFileReference; lastKnownFileType = text.plist.xml; path = Info.plist; sourceTree = "<group>"; };
		B7F655502C8E309700691B96 /* ShopCalcTests.xctest */ = {isa = PBXFileReference; explicitFileType = wrapper.cfbundle; includeInIndex = 0; path = ShopCalcTests.xctest; sourceTree = BUILT_PRODUCTS_DIR; };
		B7F655542C8E309700691B96 /* ShopCalcTests.swift */ = {isa = PBXFileReference; lastKnownFileType = sourcecode.swift; path = ShopCalcTests.swift; sourceTree = "<group>"; };
		B7F6555A2C8E309700691B96 /* ShopCalcUITests.xctest */ = {isa = PBXFileReference; explicitFileType = wrapper.cfbundle; includeInIndex = 0; path = ShopCalcUITests.xctest; sourceTree = BUILT_PRODUCTS_DIR; };
		B7F6555E2C8E309700691B96 /* ShopCalcUITests.swift */ = {isa = PBXFileReference; lastKnownFileType = sourcecode.swift; path = ShopCalcUITests.swift; sourceTree = "<group>"; };
		B7F655602C8E309700691B96 /* ShopCalcUITestsLaunchTests.swift */ = {isa = PBXFileReference; lastKnownFileType = sourcecode.swift; path = ShopCalcUITestsLaunchTests.swift; sourceTree = "<group>"; };
/* End PBXFileReference section */

/* Begin PBXFrameworksBuildPhase section */
		B7F655372C8E309500691B96 /* Frameworks */ = {
			isa = PBXFrameworksBuildPhase;
			buildActionMask = 2147483647;
			files = (
			);
			runOnlyForDeploymentPostprocessing = 0;
		};
		B7F6554D2C8E309700691B96 /* Frameworks */ = {
			isa = PBXFrameworksBuildPhase;
			buildActionMask = 2147483647;
			files = (
			);
			runOnlyForDeploymentPostprocessing = 0;
		};
		B7F655572C8E309700691B96 /* Frameworks */ = {
			isa = PBXFrameworksBuildPhase;
			buildActionMask = 2147483647;
			files = (
			);
			runOnlyForDeploymentPostprocessing = 0;
		};
/* End PBXFrameworksBuildPhase section */

/* Begin PBXGroup section */
		B7F655312C8E309500691B96 = {
			isa = PBXGroup;
			children = (
				B7F6553C2C8E309500691B96 /* ShopCalc */,
				B7F655532C8E309700691B96 /* ShopCalcTests */,
				B7F6555D2C8E309700691B96 /* ShopCalcUITests */,
				B7F6553B2C8E309500691B96 /* Products */,
			);
			sourceTree = "<group>";
		};
		B7F6553B2C8E309500691B96 /* Products */ = {
			isa = PBXGroup;
			children = (
				B7F6553A2C8E309500691B96 /* ShopCalc.app */,
				B7F655502C8E309700691B96 /* ShopCalcTests.xctest */,
				B7F6555A2C8E309700691B96 /* ShopCalcUITests.xctest */,
			);
			name = Products;
			sourceTree = "<group>";
		};
		B7F6553C2C8E309500691B96 /* ShopCalc */ = {
			isa = PBXGroup;
			children = (
				B7F6553D2C8E309500691B96 /* AppDelegate.swift */,
				B7F6553F2C8E309500691B96 /* SceneDelegate.swift */,
				B7F655412C8E309500691B96 /* ViewController.swift */,
				B7F655432C8E309500691B96 /* Main.storyboard */,
				B7F655462C8E309700691B96 /* Assets.xcassets */,
				B7F655482C8E309700691B96 /* LaunchScreen.storyboard */,
				B7F6554B2C8E309700691B96 /* Info.plist */,
			);
			path = ShopCalc;
			sourceTree = "<group>";
		};
		B7F655532C8E309700691B96 /* ShopCalcTests */ = {
			isa = PBXGroup;
			children = (
				B7F655542C8E309700691B96 /* ShopCalcTests.swift */,
			);
			path = ShopCalcTests;
			sourceTree = "<group>";
		};
		B7F6555D2C8E309700691B96 /* ShopCalcUITests */ = {
			isa = PBXGroup;
			children = (
				B7F6555E2C8E309700691B96 /* ShopCalcUITests.swift */,
				B7F655602C8E309700691B96 /* ShopCalcUITestsLaunchTests.swift */,
			);
			path = ShopCalcUITests;
			sourceTree = "<group>";
		};
/* End PBXGroup section */

/* Begin PBXNativeTarget section */
		B7F655392C8E309500691B96 /* ShopCalc */ = {
			isa = PBXNativeTarget;
			buildConfigurationList = B7F655642C8E309700691B96 /* Build configuration list for PBXNativeTarget "ShopCalc" */;
			buildPhases = (
				B7F655362C8E309500691B96 /* Sources */,
				B7F655372C8E309500691B96 /* Frameworks */,
				B7F655382C8E309500691B96 /* Resources */,
			);
			buildRules = (
			);
			dependencies = (
			);
			name = ShopCalc;
			productName = ShopCalc;
			productReference = B7F6553A2C8E309500691B96 /* ShopCalc.app */;
			productType = "com.apple.product-type.application";
		};
		B7F6554F2C8E309700691B96 /* ShopCalcTests */ = {
			isa = PBXNativeTarget;
			buildConfigurationList = B7F655672C8E309700691B96 /* Build configuration list for PBXNativeTarget "ShopCalcTests" */;
			buildPhases = (
				B7F6554C2C8E309700691B96 /* Sources */,
				B7F6554D2C8E309700691B96 /* Frameworks */,
				B7F6554E2C8E309700691B96 /* Resources */,
			);
			buildRules = (
			);
			dependencies = (
				B7F655522C8E309700691B96 /* PBXTargetDependency */,
			);
			name = ShopCalcTests;
			productName = ShopCalcTests;
			productReference = B7F655502C8E309700691B96 /* ShopCalcTests.xctest */;
			productType = "com.apple.product-type.bundle.unit-test";
		};
		B7F655592C8E309700691B96 /* ShopCalcUITests */ = {
			isa = PBXNativeTarget;
			buildConfigurationList = B7F6556A2C8E309700691B96 /* Build configuration list for PBXNativeTarget "ShopCalcUITests" */;
			buildPhases = (
				B7F655562C8E309700691B96 /* Sources */,
				B7F655572C8E309700691B96 /* Frameworks */,
				B7F655582C8E309700691B96 /* Resources */,
			);
			buildRules = (
			);
			dependencies = (
				B7F6555C2C8E309700691B96 /* PBXTargetDependency */,
			);
			name = ShopCalcUITests;
			productName = ShopCalcUITests;
			productReference = B7F6555A2C8E309700691B96 /* ShopCalcUITests.xctest */;
			productType = "com.apple.product-type.bundle.ui-testing";
		};
/* End PBXNativeTarget section */

/* Begin PBXProject section */
		B7F655322C8E309500691B96 /* Project object */ = {
			isa = PBXProject;
			attributes = {
				BuildIndependentTargetsInParallel = 1;
				LastSwiftUpdateCheck = 1540;
				LastUpgradeCheck = 1540;
				TargetAttributes = {
					B7F655392C8E309500691B96 = {
						CreatedOnToolsVersion = 15.4;
					};
					B7F6554F2C8E309700691B96 = {
						CreatedOnToolsVersion = 15.4;
						TestTargetID = B7F655392C8E309500691B96;
					};
					B7F655592C8E309700691B96 = {
						CreatedOnToolsVersion = 15.4;
						TestTargetID = B7F655392C8E309500691B96;
					};
				};
			};
			buildConfigurationList = B7F655352C8E309500691B96 /* Build configuration list for PBXProject "ShopCalc" */;
			compatibilityVersion = "Xcode 14.0";
			developmentRegion = en;
			hasScannedForEncodings = 0;
			knownRegions = (
				en,
				Base,
			);
			mainGroup = B7F655312C8E309500691B96;
			productRefGroup = B7F6553B2C8E309500691B96 /* Products */;
			projectDirPath = "";
			projectRoot = "";
			targets = (
				B7F655392C8E309500691B96 /* ShopCalc */,
				B7F6554F2C8E309700691B96 /* ShopCalcTests */,
				B7F655592C8E309700691B96 /* ShopCalcUITests */,
			);
		};
/* End PBXProject section */

/* Begin PBXResourcesBuildPhase section */
		B7F655382C8E309500691B96 /* Resources */ = {
			isa = PBXResourcesBuildPhase;
			buildActionMask = 2147483647;
			files = (
				B7F655472C8E309700691B96 /* Assets.xcassets in Resources */,
				B7F6554A2C8E309700691B96 /* Base in Resources */,
				B7F655452C8E309500691B96 /* Base in Resources */,
			);
			runOnlyForDeploymentPostprocessing = 0;
		};
		B7F6554E2C8E309700691B96 /* Resources */ = {
			isa = PBXResourcesBuildPhase;
			buildActionMask = 2147483647;
			files = (
			);
			runOnlyForDeploymentPostprocessing = 0;
		};
		B7F655582C8E309700691B96 /* Resources */ = {
			isa = PBXResourcesBuildPhase;
			buildActionMask = 2147483647;
			files = (
			);
			runOnlyForDeploymentPostprocessing = 0;
		};
/* End PBXResourcesBuildPhase section */

/* Begin PBXSourcesBuildPhase section */
		B7F655362C8E309500691B96 /* Sources */ = {
			isa = PBXSourcesBuildPhase;
			buildActionMask = 2147483647;
			files = (
				B7F655422C8E309500691B96 /* ViewController.swift in Sources */,
				B7F6553E2C8E309500691B96 /* AppDelegate.swift in Sources */,
				B7F655402C8E309500691B96 /* SceneDelegate.swift in Sources */,
			);
			runOnlyForDeploymentPostprocessing = 0;
		};
		B7F6554C2C8E309700691B96 /* Sources */ = {
			isa = PBXSourcesBuildPhase;
			buildActionMask = 2147483647;
			files = (
				B7F655552C8E309700691B96 /* ShopCalcTests.swift in Sources */,
			);
			runOnlyForDeploymentPostprocessing = 0;
		};
		B7F655562C8E309700691B96 /* Sources */ = {
			isa = PBXSourcesBuildPhase;
			buildActionMask = 2147483647;
			files = (
				B7F655612C8E309700691B96 /* ShopCalcUITestsLaunchTests.swift in Sources */,
				B7F6555F2C8E309700691B96 /* ShopCalcUITests.swift in Sources */,
			);
			runOnlyForDeploymentPostprocessing = 0;
		};
/* End PBXSourcesBuildPhase section */

/* Begin PBXTargetDependency section */
		B7F655522C8E309700691B96 /* PBXTargetDependency */ = {
			isa = PBXTargetDependency;
			target = B7F655392C8E309500691B96 /* ShopCalc */;
			targetProxy = B7F655512C8E309700691B96 /* PBXContainerItemProxy */;
		};
		B7F6555C2C8E309700691B96 /* PBXTargetDependency */ = {
			isa = PBXTargetDependency;
			target = B7F655392C8E309500691B96 /* ShopCalc */;
			targetProxy = B7F6555B2C8E309700691B96 /* PBXContainerItemProxy */;
		};
/* End PBXTargetDependency section */

/* Begin PBXVariantGroup section */
		B7F655432C8E309500691B96 /* Main.storyboard */ = {
			isa = PBXVariantGroup;
			children = (
				B7F655442C8E309500691B96 /* Base */,
			);
			name = Main.storyboard;
			sourceTree = "<group>";
		};
		B7F655482C8E309700691B96 /* LaunchScreen.storyboard */ = {
			isa = PBXVariantGroup;
			children = (
				B7F655492C8E309700691B96 /* Base */,
			);
			name = LaunchScreen.storyboard;
			sourceTree = "<group>";
		};
/* End PBXVariantGroup section */

/* Begin XCBuildConfiguration section */
		B7F655622C8E309700691B96 /* Debug */ = {
			isa = XCBuildConfiguration;
			buildSettings = {
				ALWAYS_SEARCH_USER_PATHS = NO;
				ASSETCATALOG_COMPILER_GENERATE_SWIFT_ASSET_SYMBOL_EXTENSIONS = YES;
				CLANG_ANALYZER_NONNULL = YES;
				CLANG_ANALYZER_NUMBER_OBJECT_CONVERSION = YES_AGGRESSIVE;
				CLANG_CXX_LANGUAGE_STANDARD = "gnu++20";
				CLANG_ENABLE_MODULES = YES;
				CLANG_ENABLE_OBJC_ARC = YES;
				CLANG_ENABLE_OBJC_WEAK = YES;
				CLANG_WARN_BLOCK_CAPTURE_AUTORELEASING = YES;
				CLANG_WARN_BOOL_CONVERSION = YES;
				CLANG_WARN_COMMA = YES;
				CLANG_WARN_CONSTANT_CONVERSION = YES;
				CLANG_WARN_DEPRECATED_OBJC_IMPLEMENTATIONS = YES;
				CLANG_WARN_DIRECT_OBJC_ISA_USAGE = YES_ERROR;
				CLANG_WARN_DOCUMENTATION_COMMENTS = YES;
				CLANG_WARN_EMPTY_BODY = YES;
				CLANG_WARN_ENUM_CONVERSION = YES;
				CLANG_WARN_INFINITE_RECURSION = YES;
				CLANG_WARN_INT_CONVERSION = YES;
				CLANG_WARN_NON_LITERAL_NULL_CONVERSION = YES;
				CLANG_WARN_OBJC_IMPLICIT_RETAIN_SELF = YES;
				CLANG_WARN_OBJC_LITERAL_CONVERSION = YES;
				CLANG_WARN_OBJC_ROOT_CLASS = YES_ERROR;
				CLANG_WARN_QUOTED_INCLUDE_IN_FRAMEWORK_HEADER = YES;
				CLANG_WARN_RANGE_LOOP_ANALYSIS = YES;
				CLANG_WARN_STRICT_PROTOTYPES = YES;
				CLANG_WARN_SUSPICIOUS_MOVE = YES;
				CLANG_WARN_UNGUARDED_AVAILABILITY = YES_AGGRESSIVE;
				CLANG_WARN_UNREACHABLE_CODE = YES;
				CLANG_WARN__DUPLICATE_METHOD_MATCH = YES;
				COPY_PHASE_STRIP = NO;
				DEBUG_INFORMATION_FORMAT = dwarf;
				ENABLE_STRICT_OBJC_MSGSEND = YES;
				ENABLE_TESTABILITY = YES;
				ENABLE_USER_SCRIPT_SANDBOXING = YES;
				GCC_C_LANGUAGE_STANDARD = gnu17;
				GCC_DYNAMIC_NO_PIC = NO;
				GCC_NO_COMMON_BLOCKS = YES;
				GCC_OPTIMIZATION_LEVEL = 0;
				GCC_PREPROCESSOR_DEFINITIONS = (
					"DEBUG=1",
					"$(inherited)",
				);
				GCC_WARN_64_TO_32_BIT_CONVERSION = YES;
				GCC_WARN_ABOUT_RETURN_TYPE = YES_ERROR;
				GCC_WARN_UNDECLARED_SELECTOR = YES;
				GCC_WARN_UNINITIALIZED_AUTOS = YES_AGGRESSIVE;
				GCC_WARN_UNUSED_FUNCTION = YES;
				GCC_WARN_UNUSED_VARIABLE = YES;
				IPHONEOS_DEPLOYMENT_TARGET = 17.5;
				LOCALIZATION_PREFERS_STRING_CATALOGS = YES;
				MTL_ENABLE_DEBUG_INFO = INCLUDE_SOURCE;
				MTL_FAST_MATH = YES;
				ONLY_ACTIVE_ARCH = YES;
				SDKROOT = iphoneos;
				SWIFT_ACTIVE_COMPILATION_CONDITIONS = "DEBUG $(inherited)";
				SWIFT_OPTIMIZATION_LEVEL = "-Onone";
			};
			name = Debug;
		};
		B7F655632C8E309700691B96 /* Release */ = {
			isa = XCBuildConfiguration;
			buildSettings = {
				ALWAYS_SEARCH_USER_PATHS = NO;
				ASSETCATALOG_COMPILER_GENERATE_SWIFT_ASSET_SYMBOL_EXTENSIONS = YES;
				CLANG_ANALYZER_NONNULL = YES;
				CLANG_ANALYZER_NUMBER_OBJECT_CONVERSION = YES_AGGRESSIVE;
				CLANG_CXX_LANGUAGE_STANDARD = "gnu++20";
				CLANG_ENABLE_MODULES = YES;
				CLANG_ENABLE_OBJC_ARC = YES;
				CLANG_ENABLE_OBJC_WEAK = YES;
				CLANG_WARN_BLOCK_CAPTURE_AUTORELEASING = YES;
				CLANG_WARN_BOOL_CONVERSION = YES;
				CLANG_WARN_COMMA = YES;
				CLANG_WARN_CONSTANT_CONVERSION = YES;
				CLANG_WARN_DEPRECATED_OBJC_IMPLEMENTATIONS = YES;
				CLANG_WARN_DIRECT_OBJC_ISA_USAGE = YES_ERROR;
				CLANG_WARN_DOCUMENTATION_COMMENTS = YES;
				CLANG_WARN_EMPTY_BODY = YES;
				CLANG_WARN_ENUM_CONVERSION = YES;
				CLANG_WARN_INFINITE_RECURSION = YES;
				CLANG_WARN_INT_CONVERSION = YES;
				CLANG_WARN_NON_LITERAL_NULL_CONVERSION = YES;
				CLANG_WARN_OBJC_IMPLICIT_RETAIN_SELF = YES;
				CLANG_WARN_OBJC_LITERAL_CONVERSION = YES;
				CLANG_WARN_OBJC_ROOT_CLASS = YES_ERROR;
				CLANG_WARN_QUOTED_INCLUDE_IN_FRAMEWORK_HEADER = YES;
				CLANG_WARN_RANGE_LOOP_ANALYSIS = YES;
				CLANG_WARN_STRICT_PROTOTYPES = YES;
				CLANG_WARN_SUSPICIOUS_MOVE = YES;
				CLANG_WARN_UNGUARDED_AVAILABILITY = YES_AGGRESSIVE;
				CLANG_WARN_UNREACHABLE_CODE = YES;
				CLANG_WARN__DUPLICATE_METHOD_MATCH = YES;
				COPY_PHASE_STRIP = NO;
				DEBUG_INFORMATION_FORMAT = "dwarf-with-dsym";
				ENABLE_NS_ASSERTIONS = NO;
				ENABLE_STRICT_OBJC_MSGSEND = YES;
				ENABLE_USER_SCRIPT_SANDBOXING = YES;
				GCC_C_LANGUAGE_STANDARD = gnu17;
				GCC_NO_COMMON_BLOCKS = YES;
				GCC_WARN_64_TO_32_BIT_CONVERSION = YES;
				GCC_WARN_ABOUT_RETURN_TYPE = YES_ERROR;
				GCC_WARN_UNDECLARED_SELECTOR = YES;
				GCC_WARN_UNINITIALIZED_AUTOS = YES_AGGRESSIVE;
				GCC_WARN_UNUSED_FUNCTION = YES;
				GCC_WARN_UNUSED_VARIABLE = YES;
				IPHONEOS_DEPLOYMENT_TARGET = 17.5;
				LOCALIZATION_PREFERS_STRING_CATALOGS = YES;
				MTL_ENABLE_DEBUG_INFO = NO;
				MTL_FAST_MATH = YES;
				SDKROOT = iphoneos;
				SWIFT_COMPILATION_MODE = wholemodule;
				VALIDATE_PRODUCT = YES;
			};
			name = Release;
		};
		B7F655652C8E309700691B96 /* Debug */ = {
			isa = XCBuildConfiguration;
			buildSettings = {
				ASSETCATALOG_COMPILER_APPICON_NAME = AppIcon;
				ASSETCATALOG_COMPILER_GLOBAL_ACCENT_COLOR_NAME = AccentColor;
				CODE_SIGN_STYLE = Automatic;
				CURRENT_PROJECT_VERSION = 1;
				GENERATE_INFOPLIST_FILE = YES;
				INFOPLIST_FILE = ShopCalc/Info.plist;
				INFOPLIST_KEY_UIApplicationSupportsIndirectInputEvents = YES;
				INFOPLIST_KEY_UILaunchStoryboardName = LaunchScreen;
				INFOPLIST_KEY_UIMainStoryboardFile = Main;
				INFOPLIST_KEY_UISupportedInterfaceOrientations_iPad = "UIInterfaceOrientationPortrait UIInterfaceOrientationPortraitUpsideDown UIInterfaceOrientationLandscapeLeft UIInterfaceOrientationLandscapeRight";
				INFOPLIST_KEY_UISupportedInterfaceOrientations_iPhone = "UIInterfaceOrientationPortrait UIInterfaceOrientationLandscapeLeft UIInterfaceOrientationLandscapeRight";
				LD_RUNPATH_SEARCH_PATHS = (
					"$(inherited)",
					"@executable_path/Frameworks",
				);
				MARKETING_VERSION = 1.0;
				PRODUCT_BUNDLE_IDENTIFIER = CSE348.ShopCalc;
				PRODUCT_NAME = "$(TARGET_NAME)";
				SWIFT_EMIT_LOC_STRINGS = YES;
				SWIFT_VERSION = 5.0;
				TARGETED_DEVICE_FAMILY = "1,2";
			};
			name = Debug;
		};
		B7F655662C8E309700691B96 /* Release */ = {
			isa = XCBuildConfiguration;
			buildSettings = {
				ASSETCATALOG_COMPILER_APPICON_NAME = AppIcon;
				ASSETCATALOG_COMPILER_GLOBAL_ACCENT_COLOR_NAME = AccentColor;
				CODE_SIGN_STYLE = Automatic;
				CURRENT_PROJECT_VERSION = 1;
				GENERATE_INFOPLIST_FILE = YES;
				INFOPLIST_FILE = ShopCalc/Info.plist;
				INFOPLIST_KEY_UIApplicationSupportsIndirectInputEvents = YES;
				INFOPLIST_KEY_UILaunchStoryboardName = LaunchScreen;
				INFOPLIST_KEY_UIMainStoryboardFile = Main;
				INFOPLIST_KEY_UISupportedInterfaceOrientations_iPad = "UIInterfaceOrientationPortrait UIInterfaceOrientationPortraitUpsideDown UIInterfaceOrientationLandscapeLeft UIInterfaceOrientationLandscapeRight";
				INFOPLIST_KEY_UISupportedInterfaceOrientations_iPhone = "UIInterfaceOrientationPortrait UIInterfaceOrientationLandscapeLeft UIInterfaceOrientationLandscapeRight";
				LD_RUNPATH_SEARCH_PATHS = (
					"$(inherited)",
					"@executable_path/Frameworks",
				);
				MARKETING_VERSION = 1.0;
				PRODUCT_BUNDLE_IDENTIFIER = CSE348.ShopCalc;
				PRODUCT_NAME = "$(TARGET_NAME)";
				SWIFT_EMIT_LOC_STRINGS = YES;
				SWIFT_VERSION = 5.0;
				TARGETED_DEVICE_FAMILY = "1,2";
			};
			name = Release;
		};
		B7F655682C8E309700691B96 /* Debug */ = {
			isa = XCBuildConfiguration;
			buildSettings = {
				ALWAYS_EMBED_SWIFT_STANDARD_LIBRARIES = YES;
				BUNDLE_LOADER = "$(TEST_HOST)";
				CODE_SIGN_STYLE = Automatic;
				CURRENT_PROJECT_VERSION = 1;
				GENERATE_INFOPLIST_FILE = YES;
				IPHONEOS_DEPLOYMENT_TARGET = 17.5;
				MARKETING_VERSION = 1.0;
				PRODUCT_BUNDLE_IDENTIFIER = CSE348.ShopCalcTests;
				PRODUCT_NAME = "$(TARGET_NAME)";
				SWIFT_EMIT_LOC_STRINGS = NO;
				SWIFT_VERSION = 5.0;
				TARGETED_DEVICE_FAMILY = "1,2";
				TEST_HOST = "$(BUILT_PRODUCTS_DIR)/ShopCalc.app/$(BUNDLE_EXECUTABLE_FOLDER_PATH)/ShopCalc";
			};
			name = Debug;
		};
		B7F655692C8E309700691B96 /* Release */ = {
			isa = XCBuildConfiguration;
			buildSettings = {
				ALWAYS_EMBED_SWIFT_STANDARD_LIBRARIES = YES;
				BUNDLE_LOADER = "$(TEST_HOST)";
				CODE_SIGN_STYLE = Automatic;
				CURRENT_PROJECT_VERSION = 1;
				GENERATE_INFOPLIST_FILE = YES;
				IPHONEOS_DEPLOYMENT_TARGET = 17.5;
				MARKETING_VERSION = 1.0;
				PRODUCT_BUNDLE_IDENTIFIER = CSE348.ShopCalcTests;
				PRODUCT_NAME = "$(TARGET_NAME)";
				SWIFT_EMIT_LOC_STRINGS = NO;
				SWIFT_VERSION = 5.0;
				TARGETED_DEVICE_FAMILY = "1,2";
				TEST_HOST = "$(BUILT_PRODUCTS_DIR)/ShopCalc.app/$(BUNDLE_EXECUTABLE_FOLDER_PATH)/ShopCalc";
			};
			name = Release;
		};
		B7F6556B2C8E309700691B96 /* Debug */ = {
			isa = XCBuildConfiguration;
			buildSettings = {
				ALWAYS_EMBED_SWIFT_STANDARD_LIBRARIES = YES;
				CODE_SIGN_STYLE = Automatic;
				CURRENT_PROJECT_VERSION = 1;
				GENERATE_INFOPLIST_FILE = YES;
				MARKETING_VERSION = 1.0;
				PRODUCT_BUNDLE_IDENTIFIER = CSE348.ShopCalcUITests;
				PRODUCT_NAME = "$(TARGET_NAME)";
				SWIFT_EMIT_LOC_STRINGS = NO;
				SWIFT_VERSION = 5.0;
				TARGETED_DEVICE_FAMILY = "1,2";
				TEST_TARGET_NAME = ShopCalc;
			};
			name = Debug;
		};
		B7F6556C2C8E309700691B96 /* Release */ = {
			isa = XCBuildConfiguration;
			buildSettings = {
				ALWAYS_EMBED_SWIFT_STANDARD_LIBRARIES = YES;
				CODE_SIGN_STYLE = Automatic;
				CURRENT_PROJECT_VERSION = 1;
				GENERATE_INFOPLIST_FILE = YES;
				MARKETING_VERSION = 1.0;
				PRODUCT_BUNDLE_IDENTIFIER = CSE348.ShopCalcUITests;
				PRODUCT_NAME = "$(TARGET_NAME)";
				SWIFT_EMIT_LOC_STRINGS = NO;
				SWIFT_VERSION = 5.0;
				TARGETED_DEVICE_FAMILY = "1,2";
				TEST_TARGET_NAME = ShopCalc;
			};
			name = Release;
		};
/* End XCBuildConfiguration section */

/* Begin XCConfigurationList section */
		B7F655352C8E309500691B96 /* Build configuration list for PBXProject "ShopCalc" */ = {
			isa = XCConfigurationList;
			buildConfigurations = (
				B7F655622C8E309700691B96 /* Debug */,
				B7F655632C8E309700691B96 /* Release */,
			);
			defaultConfigurationIsVisible = 0;
			defaultConfigurationName = Release;
		};
		B7F655642C8E309700691B96 /* Build configuration list for PBXNativeTarget "ShopCalc" */ = {
			isa = XCConfigurationList;
			buildConfigurations = (
				B7F655652C8E309700691B96 /* Debug */,
				B7F655662C8E309700691B96 /* Release */,
			);
			defaultConfigurationIsVisible = 0;
			defaultConfigurationName = Release;
		};
		B7F655672C8E309700691B96 /* Build configuration list for PBXNativeTarget "ShopCalcTests" */ = {
			isa = XCConfigurationList;
			buildConfigurations = (
				B7F655682C8E309700691B96 /* Debug */,
				B7F655692C8E309700691B96 /* Release */,
			);
			defaultConfigurationIsVisible = 0;
			defaultConfigurationName = Release;
		};
		B7F6556A2C8E309700691B96 /* Build configuration list for PBXNativeTarget "ShopCalcUITests" */ = {
			isa = XCConfigurationList;
			buildConfigurations = (
				B7F6556B2C8E309700691B96 /* Debug */,
				B7F6556C2C8E309700691B96 /* Release */,
			);
			defaultConfigurationIsVisible = 0;
			defaultConfigurationName = Release;
		};
/* End XCConfigurationList section */
	};
	rootObject = B7F655322C8E309500691B96 /* Project object */;
}
